
Microsoft Visual Studio Solution File, Format Version 12.00
# Visual Studio 14
VisualStudioVersion = 14.0.25123.0
MinimumVisualStudioVersion = 10.0.40219.1
Project("{FAE04EC0-301F-11D3-BF4B-00C04F79EFBC}") = "XFViews.Droid", "XFViews\XFViews.Droid\XFViews.Droid.csproj", "{F1280E00-29A1-46EA-83C5-0573E181E8A6}"
EndProject
Project("{FAE04EC0-301F-11D3-BF4B-00C04F79EFBC}") = "XFViews.iOS", "XFViews\XFViews.iOS\XFViews.iOS.csproj", "{4FA9AF87-78A0-4C28-8ABA-DC1EE8FE570A}"
EndProject
Project("{FAE04EC0-301F-11D3-BF4B-00C04F79EFBC}") = "XFViews.WinPhone", "XFViews\XFViews.WinPhone\XFViews.WinPhone.csproj", "{834DBAE7-3363-4097-A3D3-58928507D061}"
EndProject
Project("{FAE04EC0-301F-11D3-BF4B-00C04F79EFBC}") = "XFViews.UWP", "XFViews\XFViews.UWP\XFViews.UWP.csproj", "{7AC62CEF-2697-4AFB-BA47-595B6A136207}"
EndProject
Project("{FAE04EC0-301F-11D3-BF4B-00C04F79EFBC}") = "XFViews.Windows", "XFViews\XFViews.Windows\XFViews.Windows.csproj", "{DDAEFE1D-1331-4062-9F0E-2D65C7AFAEF5}"
EndProject
Project("{FAE04EC0-301F-11D3-BF4B-00C04F79EFBC}") = "XFViews", "XFViews\XFViews\XFViews.csproj", "{B6402270-07FB-4C4E-82E6-A1356D4BAB2A}"
EndProject
Global
	GlobalSection(SolutionConfigurationPlatforms) = preSolution
		Ad-Hoc|Any CPU = Ad-Hoc|Any CPU
		Ad-Hoc|ARM = Ad-Hoc|ARM
		Ad-Hoc|iPhone = Ad-Hoc|iPhone
		Ad-Hoc|iPhoneSimulator = Ad-Hoc|iPhoneSimulator
		Ad-Hoc|x64 = Ad-Hoc|x64
		Ad-Hoc|x86 = Ad-Hoc|x86
		AppStore|Any CPU = AppStore|Any CPU
		AppStore|ARM = AppStore|ARM
		AppStore|iPhone = AppStore|iPhone
		AppStore|iPhoneSimulator = AppStore|iPhoneSimulator
		AppStore|x64 = AppStore|x64
		AppStore|x86 = AppStore|x86
		Debug|Any CPU = Debug|Any CPU
		Debug|ARM = Debug|ARM
		Debug|iPhone = Debug|iPhone
		Debug|iPhoneSimulator = Debug|iPhoneSimulator
		Debug|x64 = Debug|x64
		Debug|x86 = Debug|x86
		Release|Any CPU = Release|Any CPU
		Release|ARM = Release|ARM
		Release|iPhone = Release|iPhone
		Release|iPhoneSimulator = Release|iPhoneSimulator
		Release|x64 = Release|x64
		Release|x86 = Release|x86
	EndGlobalSection
	GlobalSection(ProjectConfigurationPlatforms) = postSolution
		{F1280E00-29A1-46EA-83C5-0573E181E8A6}.Ad-Hoc|Any CPU.ActiveCfg = Release|Any CPU
		{F1280E00-29A1-46EA-83C5-0573E181E8A6}.Ad-Hoc|Any CPU.Build.0 = Release|Any CPU
		{F1280E00-29A1-46EA-83C5-0573E181E8A6}.Ad-Hoc|Any CPU.Deploy.0 = Release|Any CPU
		{F1280E00-29A1-46EA-83C5-0573E181E8A6}.Ad-Hoc|ARM.ActiveCfg = Release|Any CPU
		{F1280E00-29A1-46EA-83C5-0573E181E8A6}.Ad-Hoc|ARM.Build.0 = Release|Any CPU
		{F1280E00-29A1-46EA-83C5-0573E181E8A6}.Ad-Hoc|ARM.Deploy.0 = Release|Any CPU
		{F1280E00-29A1-46EA-83C5-0573E181E8A6}.Ad-Hoc|iPhone.ActiveCfg = Release|Any CPU
		{F1280E00-29A1-46EA-83C5-0573E181E8A6}.Ad-Hoc|iPhone.Build.0 = Release|Any CPU
		{F1280E00-29A1-46EA-83C5-0573E181E8A6}.Ad-Hoc|iPhone.Deploy.0 = Release|Any CPU
		{F1280E00-29A1-46EA-83C5-0573E181E8A6}.Ad-Hoc|iPhoneSimulator.ActiveCfg = Release|Any CPU
		{F1280E00-29A1-46EA-83C5-0573E181E8A6}.Ad-Hoc|iPhoneSimulator.Build.0 = Release|Any CPU
		{F1280E00-29A1-46EA-83C5-0573E181E8A6}.Ad-Hoc|iPhoneSimulator.Deploy.0 = Release|Any CPU
		{F1280E00-29A1-46EA-83C5-0573E181E8A6}.Ad-Hoc|x64.ActiveCfg = Release|Any CPU
		{F1280E00-29A1-46EA-83C5-0573E181E8A6}.Ad-Hoc|x64.Build.0 = Release|Any CPU
		{F1280E00-29A1-46EA-83C5-0573E181E8A6}.Ad-Hoc|x64.Deploy.0 = Release|Any CPU
		{F1280E00-29A1-46EA-83C5-0573E181E8A6}.Ad-Hoc|x86.ActiveCfg = Release|Any CPU
		{F1280E00-29A1-46EA-83C5-0573E181E8A6}.Ad-Hoc|x86.Build.0 = Release|Any CPU
		{F1280E00-29A1-46EA-83C5-0573E181E8A6}.Ad-Hoc|x86.Deploy.0 = Release|Any CPU
		{F1280E00-29A1-46EA-83C5-0573E181E8A6}.AppStore|Any CPU.ActiveCfg = Release|Any CPU
		{F1280E00-29A1-46EA-83C5-0573E181E8A6}.AppStore|Any CPU.Build.0 = Release|Any CPU
		{F1280E00-29A1-46EA-83C5-0573E181E8A6}.AppStore|Any CPU.Deploy.0 = Release|Any CPU
		{F1280E00-29A1-46EA-83C5-0573E181E8A6}.AppStore|ARM.ActiveCfg = Release|Any CPU
		{F1280E00-29A1-46EA-83C5-0573E181E8A6}.AppStore|ARM.Build.0 = Release|Any CPU
		{F1280E00-29A1-46EA-83C5-0573E181E8A6}.AppStore|ARM.Deploy.0 = Release|Any CPU
		{F1280E00-29A1-46EA-83C5-0573E181E8A6}.AppStore|iPhone.ActiveCfg = Release|Any CPU
		{F1280E00-29A1-46EA-83C5-0573E181E8A6}.AppStore|iPhone.Build.0 = Release|Any CPU
		{F1280E00-29A1-46EA-83C5-0573E181E8A6}.AppStore|iPhone.Deploy.0 = Release|Any CPU
		{F1280E00-29A1-46EA-83C5-0573E181E8A6}.AppStore|iPhoneSimulator.ActiveCfg = Release|Any CPU
		{F1280E00-29A1-46EA-83C5-0573E181E8A6}.AppStore|iPhoneSimulator.Build.0 = Release|Any CPU
		{F1280E00-29A1-46EA-83C5-0573E181E8A6}.AppStore|iPhoneSimulator.Deploy.0 = Release|Any CPU
		{F1280E00-29A1-46EA-83C5-0573E181E8A6}.AppStore|x64.ActiveCfg = Release|Any CPU
		{F1280E00-29A1-46EA-83C5-0573E181E8A6}.AppStore|x64.Build.0 = Release|Any CPU
		{F1280E00-29A1-46EA-83C5-0573E181E8A6}.AppStore|x64.Deploy.0 = Release|Any CPU
		{F1280E00-29A1-46EA-83C5-0573E181E8A6}.AppStore|x86.ActiveCfg = Release|Any CPU
		{F1280E00-29A1-46EA-83C5-0573E181E8A6}.AppStore|x86.Build.0 = Release|Any CPU
		{F1280E00-29A1-46EA-83C5-0573E181E8A6}.AppStore|x86.Deploy.0 = Release|Any CPU
		{F1280E00-29A1-46EA-83C5-0573E181E8A6}.Debug|Any CPU.ActiveCfg = Debug|Any CPU
		{F1280E00-29A1-46EA-83C5-0573E181E8A6}.Debug|Any CPU.Build.0 = Debug|Any CPU
		{F1280E00-29A1-46EA-83C5-0573E181E8A6}.Debug|Any CPU.Deploy.0 = Debug|Any CPU
		{F1280E00-29A1-46EA-83C5-0573E181E8A6}.Debug|ARM.ActiveCfg = Debug|Any CPU
		{F1280E00-29A1-46EA-83C5-0573E181E8A6}.Debug|ARM.Build.0 = Debug|Any CPU
		{F1280E00-29A1-46EA-83C5-0573E181E8A6}.Debug|ARM.Deploy.0 = Debug|Any CPU
		{F1280E00-29A1-46EA-83C5-0573E181E8A6}.Debug|iPhone.ActiveCfg = Debug|Any CPU
		{F1280E00-29A1-46EA-83C5-0573E181E8A6}.Debug|iPhone.Build.0 = Debug|Any CPU
		{F1280E00-29A1-46EA-83C5-0573E181E8A6}.Debug|iPhone.Deploy.0 = Debug|Any CPU
		{F1280E00-29A1-46EA-83C5-0573E181E8A6}.Debug|iPhoneSimulator.ActiveCfg = Debug|Any CPU
		{F1280E00-29A1-46EA-83C5-0573E181E8A6}.Debug|iPhoneSimulator.Build.0 = Debug|Any CPU
		{F1280E00-29A1-46EA-83C5-0573E181E8A6}.Debug|iPhoneSimulator.Deploy.0 = Debug|Any CPU
		{F1280E00-29A1-46EA-83C5-0573E181E8A6}.Debug|x64.ActiveCfg = Debug|Any CPU
		{F1280E00-29A1-46EA-83C5-0573E181E8A6}.Debug|x64.Build.0 = Debug|Any CPU
		{F1280E00-29A1-46EA-83C5-0573E181E8A6}.Debug|x64.Deploy.0 = Debug|Any CPU
		{F1280E00-29A1-46EA-83C5-0573E181E8A6}.Debug|x86.ActiveCfg = Debug|Any CPU
		{F1280E00-29A1-46EA-83C5-0573E181E8A6}.Debug|x86.Build.0 = Debug|Any CPU
		{F1280E00-29A1-46EA-83C5-0573E181E8A6}.Debug|x86.Deploy.0 = Debug|Any CPU
		{F1280E00-29A1-46EA-83C5-0573E181E8A6}.Release|Any CPU.ActiveCfg = Release|Any CPU
		{F1280E00-29A1-46EA-83C5-0573E181E8A6}.Release|Any CPU.Build.0 = Release|Any CPU
		{F1280E00-29A1-46EA-83C5-0573E181E8A6}.Release|Any CPU.Deploy.0 = Release|Any CPU
		{F1280E00-29A1-46EA-83C5-0573E181E8A6}.Release|ARM.ActiveCfg = Release|Any CPU
		{F1280E00-29A1-46EA-83C5-0573E181E8A6}.Release|ARM.Build.0 = Release|Any CPU
		{F1280E00-29A1-46EA-83C5-0573E181E8A6}.Release|ARM.Deploy.0 = Release|Any CPU
		{F1280E00-29A1-46EA-83C5-0573E181E8A6}.Release|iPhone.ActiveCfg = Release|Any CPU
		{F1280E00-29A1-46EA-83C5-0573E181E8A6}.Release|iPhone.Build.0 = Release|Any CPU
		{F1280E00-29A1-46EA-83C5-0573E181E8A6}.Release|iPhone.Deploy.0 = Release|Any CPU
		{F1280E00-29A1-46EA-83C5-0573E181E8A6}.Release|iPhoneSimulator.ActiveCfg = Release|Any CPU
		{F1280E00-29A1-46EA-83C5-0573E181E8A6}.Release|iPhoneSimulator.Build.0 = Release|Any CPU
		{F1280E00-29A1-46EA-83C5-0573E181E8A6}.Release|iPhoneSimulator.Deploy.0 = Release|Any CPU
		{F1280E00-29A1-46EA-83C5-0573E181E8A6}.Release|x64.ActiveCfg = Release|Any CPU
		{F1280E00-29A1-46EA-83C5-0573E181E8A6}.Release|x64.Build.0 = Release|Any CPU
		{F1280E00-29A1-46EA-83C5-0573E181E8A6}.Release|x64.Deploy.0 = Release|Any CPU
		{F1280E00-29A1-46EA-83C5-0573E181E8A6}.Release|x86.ActiveCfg = Release|Any CPU
		{F1280E00-29A1-46EA-83C5-0573E181E8A6}.Release|x86.Build.0 = Release|Any CPU
		{F1280E00-29A1-46EA-83C5-0573E181E8A6}.Release|x86.Deploy.0 = Release|Any CPU
		{4FA9AF87-78A0-4C28-8ABA-DC1EE8FE570A}.Ad-Hoc|Any CPU.ActiveCfg = Ad-Hoc|iPhone
		{4FA9AF87-78A0-4C28-8ABA-DC1EE8FE570A}.Ad-Hoc|ARM.ActiveCfg = Ad-Hoc|iPhone
		{4FA9AF87-78A0-4C28-8ABA-DC1EE8FE570A}.Ad-Hoc|iPhone.ActiveCfg = Ad-Hoc|iPhone
		{4FA9AF87-78A0-4C28-8ABA-DC1EE8FE570A}.Ad-Hoc|iPhone.Build.0 = Ad-Hoc|iPhone
		{4FA9AF87-78A0-4C28-8ABA-DC1EE8FE570A}.Ad-Hoc|iPhoneSimulator.ActiveCfg = Ad-Hoc|iPhoneSimulator
		{4FA9AF87-78A0-4C28-8ABA-DC1EE8FE570A}.Ad-Hoc|iPhoneSimulator.Build.0 = Ad-Hoc|iPhoneSimulator
		{4FA9AF87-78A0-4C28-8ABA-DC1EE8FE570A}.Ad-Hoc|x64.ActiveCfg = Ad-Hoc|iPhone
		{4FA9AF87-78A0-4C28-8ABA-DC1EE8FE570A}.Ad-Hoc|x86.ActiveCfg = Ad-Hoc|iPhone
		{4FA9AF87-78A0-4C28-8ABA-DC1EE8FE570A}.AppStore|Any CPU.ActiveCfg = AppStore|iPhone
		{4FA9AF87-78A0-4C28-8ABA-DC1EE8FE570A}.AppStore|ARM.ActiveCfg = AppStore|iPhone
		{4FA9AF87-78A0-4C28-8ABA-DC1EE8FE570A}.AppStore|iPhone.ActiveCfg = AppStore|iPhone
		{4FA9AF87-78A0-4C28-8ABA-DC1EE8FE570A}.AppStore|iPhone.Build.0 = AppStore|iPhone
		{4FA9AF87-78A0-4C28-8ABA-DC1EE8FE570A}.AppStore|iPhoneSimulator.ActiveCfg = AppStore|iPhoneSimulator
		{4FA9AF87-78A0-4C28-8ABA-DC1EE8FE570A}.AppStore|iPhoneSimulator.Build.0 = AppStore|iPhoneSimulator
		{4FA9AF87-78A0-4C28-8ABA-DC1EE8FE570A}.AppStore|x64.ActiveCfg = AppStore|iPhone
		{4FA9AF87-78A0-4C28-8ABA-DC1EE8FE570A}.AppStore|x86.ActiveCfg = AppStore|iPhone
		{4FA9AF87-78A0-4C28-8ABA-DC1EE8FE570A}.Debug|Any CPU.ActiveCfg = Debug|iPhone
		{4FA9AF87-78A0-4C28-8ABA-DC1EE8FE570A}.Debug|ARM.ActiveCfg = Debug|iPhone
		{4FA9AF87-78A0-4C28-8ABA-DC1EE8FE570A}.Debug|iPhone.ActiveCfg = Debug|iPhone
		{4FA9AF87-78A0-4C28-8ABA-DC1EE8FE570A}.Debug|iPhone.Build.0 = Debug|iPhone
		{4FA9AF87-78A0-4C28-8ABA-DC1EE8FE570A}.Debug|iPhoneSimulator.ActiveCfg = Debug|iPhoneSimulator
		{4FA9AF87-78A0-4C28-8ABA-DC1EE8FE570A}.Debug|iPhoneSimulator.Build.0 = Debug|iPhoneSimulator
		{4FA9AF87-78A0-4C28-8ABA-DC1EE8FE570A}.Debug|x64.ActiveCfg = Debug|iPhone
		{4FA9AF87-78A0-4C28-8ABA-DC1EE8FE570A}.Debug|x86.ActiveCfg = Debug|iPhone
		{4FA9AF87-78A0-4C28-8ABA-DC1EE8FE570A}.Release|Any CPU.ActiveCfg = Release|iPhone
		{4FA9AF87-78A0-4C28-8ABA-DC1EE8FE570A}.Release|ARM.ActiveCfg = Release|iPhone
		{4FA9AF87-78A0-4C28-8ABA-DC1EE8FE570A}.Release|iPhone.ActiveCfg = Release|iPhone
		{4FA9AF87-78A0-4C28-8ABA-DC1EE8FE570A}.Release|iPhone.Build.0 = Release|iPhone
		{4FA9AF87-78A0-4C28-8ABA-DC1EE8FE570A}.Release|iPhoneSimulator.ActiveCfg = Release|iPhoneSimulator
		{4FA9AF87-78A0-4C28-8ABA-DC1EE8FE570A}.Release|iPhoneSimulator.Build.0 = Release|iPhoneSimulator
		{4FA9AF87-78A0-4C28-8ABA-DC1EE8FE570A}.Release|x64.ActiveCfg = Release|iPhone
		{4FA9AF87-78A0-4C28-8ABA-DC1EE8FE570A}.Release|x86.ActiveCfg = Release|iPhone
		{834DBAE7-3363-4097-A3D3-58928507D061}.Ad-Hoc|Any CPU.ActiveCfg = Release|Any CPU
		{834DBAE7-3363-4097-A3D3-58928507D061}.Ad-Hoc|Any CPU.Build.0 = Release|Any CPU
		{834DBAE7-3363-4097-A3D3-58928507D061}.Ad-Hoc|Any CPU.Deploy.0 = Release|Any CPU
		{834DBAE7-3363-4097-A3D3-58928507D061}.Ad-Hoc|ARM.ActiveCfg = Release|ARM
		{834DBAE7-3363-4097-A3D3-58928507D061}.Ad-Hoc|ARM.Build.0 = Release|ARM
		{834DBAE7-3363-4097-A3D3-58928507D061}.Ad-Hoc|ARM.Deploy.0 = Release|ARM
		{834DBAE7-3363-4097-A3D3-58928507D061}.Ad-Hoc|iPhone.ActiveCfg = Release|Any CPU
		{834DBAE7-3363-4097-A3D3-58928507D061}.Ad-Hoc|iPhone.Build.0 = Release|Any CPU
		{834DBAE7-3363-4097-A3D3-58928507D061}.Ad-Hoc|iPhone.Deploy.0 = Release|Any CPU
		{834DBAE7-3363-4097-A3D3-58928507D061}.Ad-Hoc|iPhoneSimulator.ActiveCfg = Release|Any CPU
		{834DBAE7-3363-4097-A3D3-58928507D061}.Ad-Hoc|iPhoneSimulator.Build.0 = Release|Any CPU
		{834DBAE7-3363-4097-A3D3-58928507D061}.Ad-Hoc|iPhoneSimulator.Deploy.0 = Release|Any CPU
		{834DBAE7-3363-4097-A3D3-58928507D061}.Ad-Hoc|x64.ActiveCfg = Release|Any CPU
		{834DBAE7-3363-4097-A3D3-58928507D061}.Ad-Hoc|x64.Build.0 = Release|Any CPU
		{834DBAE7-3363-4097-A3D3-58928507D061}.Ad-Hoc|x64.Deploy.0 = Release|Any CPU
		{834DBAE7-3363-4097-A3D3-58928507D061}.Ad-Hoc|x86.ActiveCfg = Release|x86
		{834DBAE7-3363-4097-A3D3-58928507D061}.Ad-Hoc|x86.Build.0 = Release|x86
		{834DBAE7-3363-4097-A3D3-58928507D061}.Ad-Hoc|x86.Deploy.0 = Release|x86
		{834DBAE7-3363-4097-A3D3-58928507D061}.AppStore|Any CPU.ActiveCfg = Release|Any CPU
		{834DBAE7-3363-4097-A3D3-58928507D061}.AppStore|Any CPU.Build.0 = Release|Any CPU
		{834DBAE7-3363-4097-A3D3-58928507D061}.AppStore|Any CPU.Deploy.0 = Release|Any CPU
		{834DBAE7-3363-4097-A3D3-58928507D061}.AppStore|ARM.ActiveCfg = Release|ARM
		{834DBAE7-3363-4097-A3D3-58928507D061}.AppStore|ARM.Build.0 = Release|ARM
		{834DBAE7-3363-4097-A3D3-58928507D061}.AppStore|ARM.Deploy.0 = Release|ARM
		{834DBAE7-3363-4097-A3D3-58928507D061}.AppStore|iPhone.ActiveCfg = Release|Any CPU
		{834DBAE7-3363-4097-A3D3-58928507D061}.AppStore|iPhone.Build.0 = Release|Any CPU
		{834DBAE7-3363-4097-A3D3-58928507D061}.AppStore|iPhone.Deploy.0 = Release|Any CPU
		{834DBAE7-3363-4097-A3D3-58928507D061}.AppStore|iPhoneSimulator.ActiveCfg = Release|Any CPU
		{834DBAE7-3363-4097-A3D3-58928507D061}.AppStore|iPhoneSimulator.Build.0 = Release|Any CPU
		{834DBAE7-3363-4097-A3D3-58928507D061}.AppStore|iPhoneSimulator.Deploy.0 = Release|Any CPU
		{834DBAE7-3363-4097-A3D3-58928507D061}.AppStore|x64.ActiveCfg = Release|Any CPU
		{834DBAE7-3363-4097-A3D3-58928507D061}.AppStore|x64.Build.0 = Release|Any CPU
		{834DBAE7-3363-4097-A3D3-58928507D061}.AppStore|x64.Deploy.0 = Release|Any CPU
		{834DBAE7-3363-4097-A3D3-58928507D061}.AppStore|x86.ActiveCfg = Release|x86
		{834DBAE7-3363-4097-A3D3-58928507D061}.AppStore|x86.Build.0 = Release|x86
		{834DBAE7-3363-4097-A3D3-58928507D061}.AppStore|x86.Deploy.0 = Release|x86
		{834DBAE7-3363-4097-A3D3-58928507D061}.Debug|Any CPU.ActiveCfg = Debug|Any CPU
		{834DBAE7-3363-4097-A3D3-58928507D061}.Debug|Any CPU.Build.0 = Debug|Any CPU
		{834DBAE7-3363-4097-A3D3-58928507D061}.Debug|Any CPU.Deploy.0 = Debug|Any CPU
		{834DBAE7-3363-4097-A3D3-58928507D061}.Debug|ARM.ActiveCfg = Debug|ARM
		{834DBAE7-3363-4097-A3D3-58928507D061}.Debug|ARM.Build.0 = Debug|ARM
		{834DBAE7-3363-4097-A3D3-58928507D061}.Debug|ARM.Deploy.0 = Debug|ARM
		{834DBAE7-3363-4097-A3D3-58928507D061}.Debug|iPhone.ActiveCfg = Debug|Any CPU
		{834DBAE7-3363-4097-A3D3-58928507D061}.Debug|iPhone.Build.0 = Debug|Any CPU
		{834DBAE7-3363-4097-A3D3-58928507D061}.Debug|iPhone.Deploy.0 = Debug|Any CPU
		{834DBAE7-3363-4097-A3D3-58928507D061}.Debug|iPhoneSimulator.ActiveCfg = Debug|Any CPU
		{834DBAE7-3363-4097-A3D3-58928507D061}.Debug|iPhoneSimulator.Build.0 = Debug|Any CPU
		{834DBAE7-3363-4097-A3D3-58928507D061}.Debug|iPhoneSimulator.Deploy.0 = Debug|Any CPU
		{834DBAE7-3363-4097-A3D3-58928507D061}.Debug|x64.ActiveCfg = Debug|Any CPU
		{834DBAE7-3363-4097-A3D3-58928507D061}.Debug|x64.Build.0 = Debug|Any CPU
		{834DBAE7-3363-4097-A3D3-58928507D061}.Debug|x64.Deploy.0 = Debug|Any CPU
		{834DBAE7-3363-4097-A3D3-58928507D061}.Debug|x86.ActiveCfg = Debug|x86
		{834DBAE7-3363-4097-A3D3-58928507D061}.Debug|x86.Build.0 = Debug|x86
		{834DBAE7-3363-4097-A3D3-58928507D061}.Debug|x86.Deploy.0 = Debug|x86
		{834DBAE7-3363-4097-A3D3-58928507D061}.Release|Any CPU.ActiveCfg = Release|Any CPU
		{834DBAE7-3363-4097-A3D3-58928507D061}.Release|Any CPU.Build.0 = Release|Any CPU
		{834DBAE7-3363-4097-A3D3-58928507D061}.Release|Any CPU.Deploy.0 = Release|Any CPU
		{834DBAE7-3363-4097-A3D3-58928507D061}.Release|ARM.ActiveCfg = Release|ARM
		{834DBAE7-3363-4097-A3D3-58928507D061}.Release|ARM.Build.0 = Release|ARM
		{834DBAE7-3363-4097-A3D3-58928507D061}.Release|ARM.Deploy.0 = Release|ARM
		{834DBAE7-3363-4097-A3D3-58928507D061}.Release|iPhone.ActiveCfg = Release|Any CPU
		{834DBAE7-3363-4097-A3D3-58928507D061}.Release|iPhone.Build.0 = Release|Any CPU
		{834DBAE7-3363-4097-A3D3-58928507D061}.Release|iPhone.Deploy.0 = Release|Any CPU
		{834DBAE7-3363-4097-A3D3-58928507D061}.Release|iPhoneSimulator.ActiveCfg = Release|Any CPU
		{834DBAE7-3363-4097-A3D3-58928507D061}.Release|iPhoneSimulator.Build.0 = Release|Any CPU
		{834DBAE7-3363-4097-A3D3-58928507D061}.Release|iPhoneSimulator.Deploy.0 = Release|Any CPU
		{834DBAE7-3363-4097-A3D3-58928507D061}.Release|x64.ActiveCfg = Release|Any CPU
		{834DBAE7-3363-4097-A3D3-58928507D061}.Release|x64.Build.0 = Release|Any CPU
		{834DBAE7-3363-4097-A3D3-58928507D061}.Release|x64.Deploy.0 = Release|Any CPU
		{834DBAE7-3363-4097-A3D3-58928507D061}.Release|x86.ActiveCfg = Release|x86
		{834DBAE7-3363-4097-A3D3-58928507D061}.Release|x86.Build.0 = Release|x86
		{834DBAE7-3363-4097-A3D3-58928507D061}.Release|x86.Deploy.0 = Release|x86
		{7AC62CEF-2697-4AFB-BA47-595B6A136207}.Ad-Hoc|Any CPU.ActiveCfg = Release|x86
		{7AC62CEF-2697-4AFB-BA47-595B6A136207}.Ad-Hoc|Any CPU.Build.0 = Release|x86
		{7AC62CEF-2697-4AFB-BA47-595B6A136207}.Ad-Hoc|Any CPU.Deploy.0 = Release|x86
		{7AC62CEF-2697-4AFB-BA47-595B6A136207}.Ad-Hoc|ARM.ActiveCfg = Release|ARM
		{7AC62CEF-2697-4AFB-BA47-595B6A136207}.Ad-Hoc|ARM.Build.0 = Release|ARM
		{7AC62CEF-2697-4AFB-BA47-595B6A136207}.Ad-Hoc|ARM.Deploy.0 = Release|ARM
		{7AC62CEF-2697-4AFB-BA47-595B6A136207}.Ad-Hoc|iPhone.ActiveCfg = Release|x86
		{7AC62CEF-2697-4AFB-BA47-595B6A136207}.Ad-Hoc|iPhone.Build.0 = Release|x86
		{7AC62CEF-2697-4AFB-BA47-595B6A136207}.Ad-Hoc|iPhone.Deploy.0 = Release|x86
		{7AC62CEF-2697-4AFB-BA47-595B6A136207}.Ad-Hoc|iPhoneSimulator.ActiveCfg = Release|x86
		{7AC62CEF-2697-4AFB-BA47-595B6A136207}.Ad-Hoc|iPhoneSimulator.Build.0 = Release|x86
		{7AC62CEF-2697-4AFB-BA47-595B6A136207}.Ad-Hoc|iPhoneSimulator.Deploy.0 = Release|x86
		{7AC62CEF-2697-4AFB-BA47-595B6A136207}.Ad-Hoc|x64.ActiveCfg = Release|x64
		{7AC62CEF-2697-4AFB-BA47-595B6A136207}.Ad-Hoc|x64.Build.0 = Release|x64
		{7AC62CEF-2697-4AFB-BA47-595B6A136207}.Ad-Hoc|x64.Deploy.0 = Release|x64
		{7AC62CEF-2697-4AFB-BA47-595B6A136207}.Ad-Hoc|x86.ActiveCfg = Release|x86
		{7AC62CEF-2697-4AFB-BA47-595B6A136207}.Ad-Hoc|x86.Build.0 = Release|x86
		{7AC62CEF-2697-4AFB-BA47-595B6A136207}.Ad-Hoc|x86.Deploy.0 = Release|x86
		{7AC62CEF-2697-4AFB-BA47-595B6A136207}.AppStore|Any CPU.ActiveCfg = Release|x86
		{7AC62CEF-2697-4AFB-BA47-595B6A136207}.AppStore|Any CPU.Build.0 = Release|x86
		{7AC62CEF-2697-4AFB-BA47-595B6A136207}.AppStore|Any CPU.Deploy.0 = Release|x86
		{7AC62CEF-2697-4AFB-BA47-595B6A136207}.AppStore|ARM.ActiveCfg = Release|ARM
		{7AC62CEF-2697-4AFB-BA47-595B6A136207}.AppStore|ARM.Build.0 = Release|ARM
		{7AC62CEF-2697-4AFB-BA47-595B6A136207}.AppStore|ARM.Deploy.0 = Release|ARM
		{7AC62CEF-2697-4AFB-BA47-595B6A136207}.AppStore|iPhone.ActiveCfg = Release|x86
		{7AC62CEF-2697-4AFB-BA47-595B6A136207}.AppStore|iPhone.Build.0 = Release|x86
		{7AC62CEF-2697-4AFB-BA47-595B6A136207}.AppStore|iPhone.Deploy.0 = Release|x86
		{7AC62CEF-2697-4AFB-BA47-595B6A136207}.AppStore|iPhoneSimulator.ActiveCfg = Release|x86
		{7AC62CEF-2697-4AFB-BA47-595B6A136207}.AppStore|iPhoneSimulator.Build.0 = Release|x86
		{7AC62CEF-2697-4AFB-BA47-595B6A136207}.AppStore|iPhoneSimulator.Deploy.0 = Release|x86
		{7AC62CEF-2697-4AFB-BA47-595B6A136207}.AppStore|x64.ActiveCfg = Release|x64
		{7AC62CEF-2697-4AFB-BA47-595B6A136207}.AppStore|x64.Build.0 = Release|x64
		{7AC62CEF-2697-4AFB-BA47-595B6A136207}.AppStore|x64.Deploy.0 = Release|x64
		{7AC62CEF-2697-4AFB-BA47-595B6A136207}.AppStore|x86.ActiveCfg = Release|x86
		{7AC62CEF-2697-4AFB-BA47-595B6A136207}.AppStore|x86.Build.0 = Release|x86
		{7AC62CEF-2697-4AFB-BA47-595B6A136207}.AppStore|x86.Deploy.0 = Release|x86
		{7AC62CEF-2697-4AFB-BA47-595B6A136207}.Debug|Any CPU.ActiveCfg = Debug|x86
		{7AC62CEF-2697-4AFB-BA47-595B6A136207}.Debug|Any CPU.Deploy.0 = Debug|x86
		{7AC62CEF-2697-4AFB-BA47-595B6A136207}.Debug|ARM.ActiveCfg = Debug|ARM
		{7AC62CEF-2697-4AFB-BA47-595B6A136207}.Debug|ARM.Build.0 = Debug|ARM
		{7AC62CEF-2697-4AFB-BA47-595B6A136207}.Debug|ARM.Deploy.0 = Debug|ARM
		{7AC62CEF-2697-4AFB-BA47-595B6A136207}.Debug|iPhone.ActiveCfg = Debug|x86
		{7AC62CEF-2697-4AFB-BA47-595B6A136207}.Debug|iPhoneSimulator.ActiveCfg = Debug|x86
		{7AC62CEF-2697-4AFB-BA47-595B6A136207}.Debug|x64.ActiveCfg = Debug|x64
		{7AC62CEF-2697-4AFB-BA47-595B6A136207}.Debug|x64.Build.0 = Debug|x64
		{7AC62CEF-2697-4AFB-BA47-595B6A136207}.Debug|x64.Deploy.0 = Debug|x64
		{7AC62CEF-2697-4AFB-BA47-595B6A136207}.Debug|x86.ActiveCfg = Debug|x86
		{7AC62CEF-2697-4AFB-BA47-595B6A136207}.Debug|x86.Build.0 = Debug|x86
		{7AC62CEF-2697-4AFB-BA47-595B6A136207}.Debug|x86.Deploy.0 = Debug|x86
		{7AC62CEF-2697-4AFB-BA47-595B6A136207}.Release|Any CPU.ActiveCfg = Release|x86
		{7AC62CEF-2697-4AFB-BA47-595B6A136207}.Release|ARM.ActiveCfg = Release|ARM
		{7AC62CEF-2697-4AFB-BA47-595B6A136207}.Release|ARM.Build.0 = Release|ARM
		{7AC62CEF-2697-4AFB-BA47-595B6A136207}.Release|ARM.Deploy.0 = Release|ARM
		{7AC62CEF-2697-4AFB-BA47-595B6A136207}.Release|iPhone.ActiveCfg = Release|x86
		{7AC62CEF-2697-4AFB-BA47-595B6A136207}.Release|iPhoneSimulator.ActiveCfg = Release|x86
		{7AC62CEF-2697-4AFB-BA47-595B6A136207}.Release|x64.ActiveCfg = Release|x64
		{7AC62CEF-2697-4AFB-BA47-595B6A136207}.Release|x64.Build.0 = Release|x64
		{7AC62CEF-2697-4AFB-BA47-595B6A136207}.Release|x64.Deploy.0 = Release|x64
		{7AC62CEF-2697-4AFB-BA47-595B6A136207}.Release|x86.ActiveCfg = Release|x86
		{7AC62CEF-2697-4AFB-BA47-595B6A136207}.Release|x86.Build.0 = Release|x86
		{7AC62CEF-2697-4AFB-BA47-595B6A136207}.Release|x86.Deploy.0 = Release|x86
		{DDAEFE1D-1331-4062-9F0E-2D65C7AFAEF5}.Ad-Hoc|Any CPU.ActiveCfg = Release|Any CPU
		{DDAEFE1D-1331-4062-9F0E-2D65C7AFAEF5}.Ad-Hoc|Any CPU.Build.0 = Release|Any CPU
		{DDAEFE1D-1331-4062-9F0E-2D65C7AFAEF5}.Ad-Hoc|Any CPU.Deploy.0 = Release|Any CPU
		{DDAEFE1D-1331-4062-9F0E-2D65C7AFAEF5}.Ad-Hoc|ARM.ActiveCfg = Release|ARM
		{DDAEFE1D-1331-4062-9F0E-2D65C7AFAEF5}.Ad-Hoc|ARM.Build.0 = Release|ARM
		{DDAEFE1D-1331-4062-9F0E-2D65C7AFAEF5}.Ad-Hoc|ARM.Deploy.0 = Release|ARM
		{DDAEFE1D-1331-4062-9F0E-2D65C7AFAEF5}.Ad-Hoc|iPhone.ActiveCfg = Release|Any CPU
		{DDAEFE1D-1331-4062-9F0E-2D65C7AFAEF5}.Ad-Hoc|iPhone.Build.0 = Release|Any CPU
		{DDAEFE1D-1331-4062-9F0E-2D65C7AFAEF5}.Ad-Hoc|iPhone.Deploy.0 = Release|Any CPU
		{DDAEFE1D-1331-4062-9F0E-2D65C7AFAEF5}.Ad-Hoc|iPhoneSimulator.ActiveCfg = Release|Any CPU
		{DDAEFE1D-1331-4062-9F0E-2D65C7AFAEF5}.Ad-Hoc|iPhoneSimulator.Build.0 = Release|Any CPU
		{DDAEFE1D-1331-4062-9F0E-2D65C7AFAEF5}.Ad-Hoc|iPhoneSimulator.Deploy.0 = Release|Any CPU
		{DDAEFE1D-1331-4062-9F0E-2D65C7AFAEF5}.Ad-Hoc|x64.ActiveCfg = Release|x64
		{DDAEFE1D-1331-4062-9F0E-2D65C7AFAEF5}.Ad-Hoc|x64.Build.0 = Release|x64
		{DDAEFE1D-1331-4062-9F0E-2D65C7AFAEF5}.Ad-Hoc|x64.Deploy.0 = Release|x64
		{DDAEFE1D-1331-4062-9F0E-2D65C7AFAEF5}.Ad-Hoc|x86.ActiveCfg = Release|x86
		{DDAEFE1D-1331-4062-9F0E-2D65C7AFAEF5}.Ad-Hoc|x86.Build.0 = Release|x86
		{DDAEFE1D-1331-4062-9F0E-2D65C7AFAEF5}.Ad-Hoc|x86.Deploy.0 = Release|x86
		{DDAEFE1D-1331-4062-9F0E-2D65C7AFAEF5}.AppStore|Any CPU.ActiveCfg = Release|Any CPU
		{DDAEFE1D-1331-4062-9F0E-2D65C7AFAEF5}.AppStore|Any CPU.Build.0 = Release|Any CPU
		{DDAEFE1D-1331-4062-9F0E-2D65C7AFAEF5}.AppStore|Any CPU.Deploy.0 = Release|Any CPU
		{DDAEFE1D-1331-4062-9F0E-2D65C7AFAEF5}.AppStore|ARM.ActiveCfg = Release|ARM
		{DDAEFE1D-1331-4062-9F0E-2D65C7AFAEF5}.AppStore|ARM.Build.0 = Release|ARM
		{DDAEFE1D-1331-4062-9F0E-2D65C7AFAEF5}.AppStore|ARM.Deploy.0 = Release|ARM
		{DDAEFE1D-1331-4062-9F0E-2D65C7AFAEF5}.AppStore|iPhone.ActiveCfg = Release|Any CPU
		{DDAEFE1D-1331-4062-9F0E-2D65C7AFAEF5}.AppStore|iPhone.Build.0 = Release|Any CPU
		{DDAEFE1D-1331-4062-9F0E-2D65C7AFAEF5}.AppStore|iPhone.Deploy.0 = Release|Any CPU
		{DDAEFE1D-1331-4062-9F0E-2D65C7AFAEF5}.AppStore|iPhoneSimulator.ActiveCfg = Release|Any CPU
		{DDAEFE1D-1331-4062-9F0E-2D65C7AFAEF5}.AppStore|iPhoneSimulator.Build.0 = Release|Any CPU
		{DDAEFE1D-1331-4062-9F0E-2D65C7AFAEF5}.AppStore|iPhoneSimulator.Deploy.0 = Release|Any CPU
		{DDAEFE1D-1331-4062-9F0E-2D65C7AFAEF5}.AppStore|x64.ActiveCfg = Release|x64
		{DDAEFE1D-1331-4062-9F0E-2D65C7AFAEF5}.AppStore|x64.Build.0 = Release|x64
		{DDAEFE1D-1331-4062-9F0E-2D65C7AFAEF5}.AppStore|x64.Deploy.0 = Release|x64
		{DDAEFE1D-1331-4062-9F0E-2D65C7AFAEF5}.AppStore|x86.ActiveCfg = Release|x86
		{DDAEFE1D-1331-4062-9F0E-2D65C7AFAEF5}.AppStore|x86.Build.0 = Release|x86
		{DDAEFE1D-1331-4062-9F0E-2D65C7AFAEF5}.AppStore|x86.Deploy.0 = Release|x86
		{DDAEFE1D-1331-4062-9F0E-2D65C7AFAEF5}.Debug|Any CPU.ActiveCfg = Debug|Any CPU
		{DDAEFE1D-1331-4062-9F0E-2D65C7AFAEF5}.Debug|Any CPU.Build.0 = Debug|Any CPU
		{DDAEFE1D-1331-4062-9F0E-2D65C7AFAEF5}.Debug|Any CPU.Deploy.0 = Debug|Any CPU
		{DDAEFE1D-1331-4062-9F0E-2D65C7AFAEF5}.Debug|ARM.ActiveCfg = Debug|ARM
		{DDAEFE1D-1331-4062-9F0E-2D65C7AFAEF5}.Debug|ARM.Build.0 = Debug|ARM
		{DDAEFE1D-1331-4062-9F0E-2D65C7AFAEF5}.Debug|ARM.Deploy.0 = Debug|ARM
		{DDAEFE1D-1331-4062-9F0E-2D65C7AFAEF5}.Debug|iPhone.ActiveCfg = Debug|Any CPU
		{DDAEFE1D-1331-4062-9F0E-2D65C7AFAEF5}.Debug|iPhone.Build.0 = Debug|Any CPU
		{DDAEFE1D-1331-4062-9F0E-2D65C7AFAEF5}.Debug|iPhone.Deploy.0 = Debug|Any CPU
		{DDAEFE1D-1331-4062-9F0E-2D65C7AFAEF5}.Debug|iPhoneSimulator.ActiveCfg = Debug|Any CPU
		{DDAEFE1D-1331-4062-9F0E-2D65C7AFAEF5}.Debug|iPhoneSimulator.Build.0 = Debug|Any CPU
		{DDAEFE1D-1331-4062-9F0E-2D65C7AFAEF5}.Debug|iPhoneSimulator.Deploy.0 = Debug|Any CPU
		{DDAEFE1D-1331-4062-9F0E-2D65C7AFAEF5}.Debug|x64.ActiveCfg = Debug|x64
		{DDAEFE1D-1331-4062-9F0E-2D65C7AFAEF5}.Debug|x64.Build.0 = Debug|x64
		{DDAEFE1D-1331-4062-9F0E-2D65C7AFAEF5}.Debug|x64.Deploy.0 = Debug|x64
		{DDAEFE1D-1331-4062-9F0E-2D65C7AFAEF5}.Debug|x86.ActiveCfg = Debug|x86
		{DDAEFE1D-1331-4062-9F0E-2D65C7AFAEF5}.Debug|x86.Build.0 = Debug|x86
		{DDAEFE1D-1331-4062-9F0E-2D65C7AFAEF5}.Debug|x86.Deploy.0 = Debug|x86
		{DDAEFE1D-1331-4062-9F0E-2D65C7AFAEF5}.Release|Any CPU.ActiveCfg = Release|Any CPU
		{DDAEFE1D-1331-4062-9F0E-2D65C7AFAEF5}.Release|Any CPU.Build.0 = Release|Any CPU
		{DDAEFE1D-1331-4062-9F0E-2D65C7AFAEF5}.Release|Any CPU.Deploy.0 = Release|Any CPU
		{DDAEFE1D-1331-4062-9F0E-2D65C7AFAEF5}.Release|ARM.ActiveCfg = Release|ARM
		{DDAEFE1D-1331-4062-9F0E-2D65C7AFAEF5}.Release|ARM.Build.0 = Release|ARM
		{DDAEFE1D-1331-4062-9F0E-2D65C7AFAEF5}.Release|ARM.Deploy.0 = Release|ARM
		{DDAEFE1D-1331-4062-9F0E-2D65C7AFAEF5}.Release|iPhone.ActiveCfg = Release|Any CPU
		{DDAEFE1D-1331-4062-9F0E-2D65C7AFAEF5}.Release|iPhone.Build.0 = Release|Any CPU
		{DDAEFE1D-1331-4062-9F0E-2D65C7AFAEF5}.Release|iPhone.Deploy.0 = Release|Any CPU
		{DDAEFE1D-1331-4062-9F0E-2D65C7AFAEF5}.Release|iPhoneSimulator.ActiveCfg = Release|Any CPU
		{DDAEFE1D-1331-4062-9F0E-2D65C7AFAEF5}.Release|iPhoneSimulator.Build.0 = Release|Any CPU
		{DDAEFE1D-1331-4062-9F0E-2D65C7AFAEF5}.Release|iPhoneSimulator.Deploy.0 = Release|Any CPU
		{DDAEFE1D-1331-4062-9F0E-2D65C7AFAEF5}.Release|x64.ActiveCfg = Release|x64
		{DDAEFE1D-1331-4062-9F0E-2D65C7AFAEF5}.Release|x64.Build.0 = Release|x64
		{DDAEFE1D-1331-4062-9F0E-2D65C7AFAEF5}.Release|x64.Deploy.0 = Release|x64
		{DDAEFE1D-1331-4062-9F0E-2D65C7AFAEF5}.Release|x86.ActiveCfg = Release|x86
		{DDAEFE1D-1331-4062-9F0E-2D65C7AFAEF5}.Release|x86.Build.0 = Release|x86
		{DDAEFE1D-1331-4062-9F0E-2D65C7AFAEF5}.Release|x86.Deploy.0 = Release|x86
		{B6402270-07FB-4C4E-82E6-A1356D4BAB2A}.Ad-Hoc|Any CPU.ActiveCfg = Release|Any CPU
		{B6402270-07FB-4C4E-82E6-A1356D4BAB2A}.Ad-Hoc|Any CPU.Build.0 = Release|Any CPU
		{B6402270-07FB-4C4E-82E6-A1356D4BAB2A}.Ad-Hoc|ARM.ActiveCfg = Release|Any CPU
		{B6402270-07FB-4C4E-82E6-A1356D4BAB2A}.Ad-Hoc|ARM.Build.0 = Release|Any CPU
		{B6402270-07FB-4C4E-82E6-A1356D4BAB2A}.Ad-Hoc|iPhone.ActiveCfg = Release|Any CPU
		{B6402270-07FB-4C4E-82E6-A1356D4BAB2A}.Ad-Hoc|iPhone.Build.0 = Release|Any CPU
		{B6402270-07FB-4C4E-82E6-A1356D4BAB2A}.Ad-Hoc|iPhoneSimulator.ActiveCfg = Release|Any CPU
		{B6402270-07FB-4C4E-82E6-A1356D4BAB2A}.Ad-Hoc|iPhoneSimulator.Build.0 = Release|Any CPU
		{B6402270-07FB-4C4E-82E6-A1356D4BAB2A}.Ad-Hoc|x64.ActiveCfg = Release|Any CPU
		{B6402270-07FB-4C4E-82E6-A1356D4BAB2A}.Ad-Hoc|x64.Build.0 = Release|Any CPU
		{B6402270-07FB-4C4E-82E6-A1356D4BAB2A}.Ad-Hoc|x86.ActiveCfg = Release|Any CPU
		{B6402270-07FB-4C4E-82E6-A1356D4BAB2A}.Ad-Hoc|x86.Build.0 = Release|Any CPU
		{B6402270-07FB-4C4E-82E6-A1356D4BAB2A}.AppStore|Any CPU.ActiveCfg = Release|Any CPU
		{B6402270-07FB-4C4E-82E6-A1356D4BAB2A}.AppStore|Any CPU.Build.0 = Release|Any CPU
		{B6402270-07FB-4C4E-82E6-A1356D4BAB2A}.AppStore|ARM.ActiveCfg = Release|Any CPU
		{B6402270-07FB-4C4E-82E6-A1356D4BAB2A}.AppStore|ARM.Build.0 = Release|Any CPU
		{B6402270-07FB-4C4E-82E6-A1356D4BAB2A}.AppStore|iPhone.ActiveCfg = Release|Any CPU
		{B6402270-07FB-4C4E-82E6-A1356D4BAB2A}.AppStore|iPhone.Build.0 = Release|Any CPU
		{B6402270-07FB-4C4E-82E6-A1356D4BAB2A}.AppStore|iPhoneSimulator.ActiveCfg = Release|Any CPU
		{B6402270-07FB-4C4E-82E6-A1356D4BAB2A}.AppStore|iPhoneSimulator.Build.0 = Release|Any CPU
		{B6402270-07FB-4C4E-82E6-A1356D4BAB2A}.AppStore|x64.ActiveCfg = Release|Any CPU
		{B6402270-07FB-4C4E-82E6-A1356D4BAB2A}.AppStore|x64.Build.0 = Release|Any CPU
		{B6402270-07FB-4C4E-82E6-A1356D4BAB2A}.AppStore|x86.ActiveCfg = Release|Any CPU
		{B6402270-07FB-4C4E-82E6-A1356D4BAB2A}.AppStore|x86.Build.0 = Release|Any CPU
		{B6402270-07FB-4C4E-82E6-A1356D4BAB2A}.Debug|Any CPU.ActiveCfg = Debug|Any CPU
		{B6402270-07FB-4C4E-82E6-A1356D4BAB2A}.Debug|Any CPU.Build.0 = Debug|Any CPU
		{B6402270-07FB-4C4E-82E6-A1356D4BAB2A}.Debug|ARM.ActiveCfg = Debug|Any CPU
		{B6402270-07FB-4C4E-82E6-A1356D4BAB2A}.Debug|ARM.Build.0 = Debug|Any CPU
		{B6402270-07FB-4C4E-82E6-A1356D4BAB2A}.Debug|iPhone.ActiveCfg = Debug|Any CPU
		{B6402270-07FB-4C4E-82E6-A1356D4BAB2A}.Debug|iPhone.Build.0 = Debug|Any CPU
		{B6402270-07FB-4C4E-82E6-A1356D4BAB2A}.Debug|iPhoneSimulator.ActiveCfg = Debug|Any CPU
		{B6402270-07FB-4C4E-82E6-A1356D4BAB2A}.Debug|iPhoneSimulator.Build.0 = Debug|Any CPU
		{B6402270-07FB-4C4E-82E6-A1356D4BAB2A}.Debug|x64.ActiveCfg = Debug|Any CPU
		{B6402270-07FB-4C4E-82E6-A1356D4BAB2A}.Debug|x64.Build.0 = Debug|Any CPU
		{B6402270-07FB-4C4E-82E6-A1356D4BAB2A}.Debug|x86.ActiveCfg = Debug|Any CPU
		{B6402270-07FB-4C4E-82E6-A1356D4BAB2A}.Debug|x86.Build.0 = Debug|Any CPU
		{B6402270-07FB-4C4E-82E6-A1356D4BAB2A}.Release|Any CPU.ActiveCfg = Release|Any CPU
		{B6402270-07FB-4C4E-82E6-A1356D4BAB2A}.Release|Any CPU.Build.0 = Release|Any CPU
		{B6402270-07FB-4C4E-82E6-A1356D4BAB2A}.Release|ARM.ActiveCfg = Release|Any CPU
		{B6402270-07FB-4C4E-82E6-A1356D4BAB2A}.Release|ARM.Build.0 = Release|Any CPU
		{B6402270-07FB-4C4E-82E6-A1356D4BAB2A}.Release|iPhone.ActiveCfg = Release|Any CPU
		{B6402270-07FB-4C4E-82E6-A1356D4BAB2A}.Release|iPhone.Build.0 = Release|Any CPU
		{B6402270-07FB-4C4E-82E6-A1356D4BAB2A}.Release|iPhoneSimulator.ActiveCfg = Release|Any CPU
		{B6402270-07FB-4C4E-82E6-A1356D4BAB2A}.Release|iPhoneSimulator.Build.0 = Release|Any CPU
		{B6402270-07FB-4C4E-82E6-A1356D4BAB2A}.Release|x64.ActiveCfg = Release|Any CPU
		{B6402270-07FB-4C4E-82E6-A1356D4BAB2A}.Release|x64.Build.0 = Release|Any CPU
		{B6402270-07FB-4C4E-82E6-A1356D4BAB2A}.Release|x86.ActiveCfg = Release|Any CPU
		{B6402270-07FB-4C4E-82E6-A1356D4BAB2A}.Release|x86.Build.0 = Release|Any CPU
	EndGlobalSection
	GlobalSection(SolutionProperties) = preSolution
		HideSolutionNode = FALSE
	EndGlobalSection
EndGlobal
